
Microsoft Visual Studio Solution File, Format Version 12.00
# Visual Studio Version 16
VisualStudioVersion = 16.0.29306.81
MinimumVisualStudioVersion = 10.0.40219.1
Project("{9A19103F-16F7-4668-BE54-9A1E7A4F7556}") = "BabylonTools.Sherlock", "BabylonTools.Sherlock\BabylonTools.Sherlock.csproj", "{A2AF0ACF-E0E4-4973-835D-C0C5B6736F10}"
EndProject
Project("{9A19103F-16F7-4668-BE54-9A1E7A4F7556}") = "BabylonTools.NSGSync", "BabylonTools.NSGSync\BabylonTools.NSGSync.csproj", "{CE52A38C-BC26-4EE9-B7F4-6F41172F8E07}"
EndProject
Project("{9A19103F-16F7-4668-BE54-9A1E7A4F7556}") = "BabylonTools.XMap", "BabylonTools.XMap\BabylonTools.XMap.csproj", "{ADA9EF35-247C-4AFC-9CFC-CAC2C1F6FB7D}"
EndProject
Project("{2150E333-8FDC-42A3-9474-1A3956D46DE8}") = "ThirdParty", "ThirdParty", "{456913C2-945A-4744-BD53-F62A62ADAA38}"
EndProject
Project("{FAE04EC0-301F-11D3-BF4B-00C04F79EFBC}") = "J2i.Net.XInputWrapper", "ThirdParty\J2i.Net.XInputWrapper\J2i.Net.XInputWrapper.csproj", "{8A650872-AA26-4ADC-9797-1CE62ACD423C}"
EndProject
Global
	GlobalSection(SolutionConfigurationPlatforms) = preSolution
		Debug|Any CPU = Debug|Any CPU
		Debug|ARM = Debug|ARM
		Debug|iPhone = Debug|iPhone
		Debug|iPhoneSimulator = Debug|iPhoneSimulator
		Debug|x64 = Debug|x64
		Debug|x86 = Debug|x86
		NOPLEX|Any CPU = NOPLEX|Any CPU
		NOPLEX|ARM = NOPLEX|ARM
		NOPLEX|iPhone = NOPLEX|iPhone
		NOPLEX|iPhoneSimulator = NOPLEX|iPhoneSimulator
		NOPLEX|x64 = NOPLEX|x64
		NOPLEX|x86 = NOPLEX|x86
		NOTRAKT|Any CPU = NOTRAKT|Any CPU
		NOTRAKT|ARM = NOTRAKT|ARM
		NOTRAKT|iPhone = NOTRAKT|iPhone
		NOTRAKT|iPhoneSimulator = NOTRAKT|iPhoneSimulator
		NOTRAKT|x64 = NOTRAKT|x64
		NOTRAKT|x86 = NOTRAKT|x86
		Release|Any CPU = Release|Any CPU
		Release|ARM = Release|ARM
		Release|iPhone = Release|iPhone
		Release|iPhoneSimulator = Release|iPhoneSimulator
		Release|x64 = Release|x64
		Release|x86 = Release|x86
	EndGlobalSection
	GlobalSection(ProjectConfigurationPlatforms) = postSolution
		{A2AF0ACF-E0E4-4973-835D-C0C5B6736F10}.Debug|Any CPU.ActiveCfg = Debug|Any CPU
		{A2AF0ACF-E0E4-4973-835D-C0C5B6736F10}.Debug|Any CPU.Build.0 = Debug|Any CPU
		{A2AF0ACF-E0E4-4973-835D-C0C5B6736F10}.Debug|ARM.ActiveCfg = Debug|Any CPU
		{A2AF0ACF-E0E4-4973-835D-C0C5B6736F10}.Debug|ARM.Build.0 = Debug|Any CPU
		{A2AF0ACF-E0E4-4973-835D-C0C5B6736F10}.Debug|iPhone.ActiveCfg = Debug|Any CPU
		{A2AF0ACF-E0E4-4973-835D-C0C5B6736F10}.Debug|iPhone.Build.0 = Debug|Any CPU
		{A2AF0ACF-E0E4-4973-835D-C0C5B6736F10}.Debug|iPhoneSimulator.ActiveCfg = Debug|Any CPU
		{A2AF0ACF-E0E4-4973-835D-C0C5B6736F10}.Debug|iPhoneSimulator.Build.0 = Debug|Any CPU
		{A2AF0ACF-E0E4-4973-835D-C0C5B6736F10}.Debug|x64.ActiveCfg = Debug|Any CPU
		{A2AF0ACF-E0E4-4973-835D-C0C5B6736F10}.Debug|x64.Build.0 = Debug|Any CPU
		{A2AF0ACF-E0E4-4973-835D-C0C5B6736F10}.Debug|x86.ActiveCfg = Debug|Any CPU
		{A2AF0ACF-E0E4-4973-835D-C0C5B6736F10}.Debug|x86.Build.0 = Debug|Any CPU
		{A2AF0ACF-E0E4-4973-835D-C0C5B6736F10}.NOPLEX|Any CPU.ActiveCfg = Release|Any CPU
		{A2AF0ACF-E0E4-4973-835D-C0C5B6736F10}.NOPLEX|Any CPU.Build.0 = Release|Any CPU
		{A2AF0ACF-E0E4-4973-835D-C0C5B6736F10}.NOPLEX|ARM.ActiveCfg = Release|Any CPU
		{A2AF0ACF-E0E4-4973-835D-C0C5B6736F10}.NOPLEX|ARM.Build.0 = Release|Any CPU
		{A2AF0ACF-E0E4-4973-835D-C0C5B6736F10}.NOPLEX|iPhone.ActiveCfg = Release|Any CPU
		{A2AF0ACF-E0E4-4973-835D-C0C5B6736F10}.NOPLEX|iPhone.Build.0 = Release|Any CPU
		{A2AF0ACF-E0E4-4973-835D-C0C5B6736F10}.NOPLEX|iPhoneSimulator.ActiveCfg = Release|Any CPU
		{A2AF0ACF-E0E4-4973-835D-C0C5B6736F10}.NOPLEX|iPhoneSimulator.Build.0 = Release|Any CPU
		{A2AF0ACF-E0E4-4973-835D-C0C5B6736F10}.NOPLEX|x64.ActiveCfg = Release|Any CPU
		{A2AF0ACF-E0E4-4973-835D-C0C5B6736F10}.NOPLEX|x64.Build.0 = Release|Any CPU
		{A2AF0ACF-E0E4-4973-835D-C0C5B6736F10}.NOPLEX|x86.ActiveCfg = Release|Any CPU
		{A2AF0ACF-E0E4-4973-835D-C0C5B6736F10}.NOPLEX|x86.Build.0 = Release|Any CPU
		{A2AF0ACF-E0E4-4973-835D-C0C5B6736F10}.NOTRAKT|Any CPU.ActiveCfg = Release|Any CPU
		{A2AF0ACF-E0E4-4973-835D-C0C5B6736F10}.NOTRAKT|Any CPU.Build.0 = Release|Any CPU
		{A2AF0ACF-E0E4-4973-835D-C0C5B6736F10}.NOTRAKT|ARM.ActiveCfg = Release|Any CPU
		{A2AF0ACF-E0E4-4973-835D-C0C5B6736F10}.NOTRAKT|ARM.Build.0 = Release|Any CPU
		{A2AF0ACF-E0E4-4973-835D-C0C5B6736F10}.NOTRAKT|iPhone.ActiveCfg = Release|Any CPU
		{A2AF0ACF-E0E4-4973-835D-C0C5B6736F10}.NOTRAKT|iPhone.Build.0 = Release|Any CPU
		{A2AF0ACF-E0E4-4973-835D-C0C5B6736F10}.NOTRAKT|iPhoneSimulator.ActiveCfg = Release|Any CPU
		{A2AF0ACF-E0E4-4973-835D-C0C5B6736F10}.NOTRAKT|iPhoneSimulator.Build.0 = Release|Any CPU
		{A2AF0ACF-E0E4-4973-835D-C0C5B6736F10}.NOTRAKT|x64.ActiveCfg = Release|Any CPU
		{A2AF0ACF-E0E4-4973-835D-C0C5B6736F10}.NOTRAKT|x64.Build.0 = Release|Any CPU
		{A2AF0ACF-E0E4-4973-835D-C0C5B6736F10}.NOTRAKT|x86.ActiveCfg = Release|Any CPU
		{A2AF0ACF-E0E4-4973-835D-C0C5B6736F10}.NOTRAKT|x86.Build.0 = Release|Any CPU
		{A2AF0ACF-E0E4-4973-835D-C0C5B6736F10}.Release|Any CPU.ActiveCfg = Release|Any CPU
		{A2AF0ACF-E0E4-4973-835D-C0C5B6736F10}.Release|Any CPU.Build.0 = Release|Any CPU
		{A2AF0ACF-E0E4-4973-835D-C0C5B6736F10}.Release|ARM.ActiveCfg = Release|Any CPU
		{A2AF0ACF-E0E4-4973-835D-C0C5B6736F10}.Release|ARM.Build.0 = Release|Any CPU
		{A2AF0ACF-E0E4-4973-835D-C0C5B6736F10}.Release|iPhone.ActiveCfg = Release|Any CPU
		{A2AF0ACF-E0E4-4973-835D-C0C5B6736F10}.Release|iPhone.Build.0 = Release|Any CPU
		{A2AF0ACF-E0E4-4973-835D-C0C5B6736F10}.Release|iPhoneSimulator.ActiveCfg = Release|Any CPU
		{A2AF0ACF-E0E4-4973-835D-C0C5B6736F10}.Release|iPhoneSimulator.Build.0 = Release|Any CPU
		{A2AF0ACF-E0E4-4973-835D-C0C5B6736F10}.Release|x64.ActiveCfg = Release|Any CPU
		{A2AF0ACF-E0E4-4973-835D-C0C5B6736F10}.Release|x64.Build.0 = Release|Any CPU
		{A2AF0ACF-E0E4-4973-835D-C0C5B6736F10}.Release|x86.ActiveCfg = Release|Any CPU
		{A2AF0ACF-E0E4-4973-835D-C0C5B6736F10}.Release|x86.Build.0 = Release|Any CPU
		{CE52A38C-BC26-4EE9-B7F4-6F41172F8E07}.Debug|Any CPU.ActiveCfg = Debug|Any CPU
		{CE52A38C-BC26-4EE9-B7F4-6F41172F8E07}.Debug|Any CPU.Build.0 = Debug|Any CPU
		{CE52A38C-BC26-4EE9-B7F4-6F41172F8E07}.Debug|ARM.ActiveCfg = Debug|Any CPU
		{CE52A38C-BC26-4EE9-B7F4-6F41172F8E07}.Debug|ARM.Build.0 = Debug|Any CPU
		{CE52A38C-BC26-4EE9-B7F4-6F41172F8E07}.Debug|iPhone.ActiveCfg = Debug|Any CPU
		{CE52A38C-BC26-4EE9-B7F4-6F41172F8E07}.Debug|iPhone.Build.0 = Debug|Any CPU
		{CE52A38C-BC26-4EE9-B7F4-6F41172F8E07}.Debug|iPhoneSimulator.ActiveCfg = Debug|Any CPU
		{CE52A38C-BC26-4EE9-B7F4-6F41172F8E07}.Debug|iPhoneSimulator.Build.0 = Debug|Any CPU
		{CE52A38C-BC26-4EE9-B7F4-6F41172F8E07}.Debug|x64.ActiveCfg = Debug|Any CPU
		{CE52A38C-BC26-4EE9-B7F4-6F41172F8E07}.Debug|x64.Build.0 = Debug|Any CPU
		{CE52A38C-BC26-4EE9-B7F4-6F41172F8E07}.Debug|x86.ActiveCfg = Debug|Any CPU
		{CE52A38C-BC26-4EE9-B7F4-6F41172F8E07}.Debug|x86.Build.0 = Debug|Any CPU
		{CE52A38C-BC26-4EE9-B7F4-6F41172F8E07}.NOPLEX|Any CPU.ActiveCfg = Release|Any CPU
		{CE52A38C-BC26-4EE9-B7F4-6F41172F8E07}.NOPLEX|Any CPU.Build.0 = Release|Any CPU
		{CE52A38C-BC26-4EE9-B7F4-6F41172F8E07}.NOPLEX|ARM.ActiveCfg = Release|Any CPU
		{CE52A38C-BC26-4EE9-B7F4-6F41172F8E07}.NOPLEX|ARM.Build.0 = Release|Any CPU
		{CE52A38C-BC26-4EE9-B7F4-6F41172F8E07}.NOPLEX|iPhone.ActiveCfg = Release|Any CPU
		{CE52A38C-BC26-4EE9-B7F4-6F41172F8E07}.NOPLEX|iPhone.Build.0 = Release|Any CPU
		{CE52A38C-BC26-4EE9-B7F4-6F41172F8E07}.NOPLEX|iPhoneSimulator.ActiveCfg = Release|Any CPU
		{CE52A38C-BC26-4EE9-B7F4-6F41172F8E07}.NOPLEX|iPhoneSimulator.Build.0 = Release|Any CPU
		{CE52A38C-BC26-4EE9-B7F4-6F41172F8E07}.NOPLEX|x64.ActiveCfg = Release|Any CPU
		{CE52A38C-BC26-4EE9-B7F4-6F41172F8E07}.NOPLEX|x64.Build.0 = Release|Any CPU
		{CE52A38C-BC26-4EE9-B7F4-6F41172F8E07}.NOPLEX|x86.ActiveCfg = Release|Any CPU
		{CE52A38C-BC26-4EE9-B7F4-6F41172F8E07}.NOPLEX|x86.Build.0 = Release|Any CPU
		{CE52A38C-BC26-4EE9-B7F4-6F41172F8E07}.NOTRAKT|Any CPU.ActiveCfg = Release|Any CPU
		{CE52A38C-BC26-4EE9-B7F4-6F41172F8E07}.NOTRAKT|Any CPU.Build.0 = Release|Any CPU
		{CE52A38C-BC26-4EE9-B7F4-6F41172F8E07}.NOTRAKT|ARM.ActiveCfg = Release|Any CPU
		{CE52A38C-BC26-4EE9-B7F4-6F41172F8E07}.NOTRAKT|ARM.Build.0 = Release|Any CPU
		{CE52A38C-BC26-4EE9-B7F4-6F41172F8E07}.NOTRAKT|iPhone.ActiveCfg = Release|Any CPU
		{CE52A38C-BC26-4EE9-B7F4-6F41172F8E07}.NOTRAKT|iPhone.Build.0 = Release|Any CPU
		{CE52A38C-BC26-4EE9-B7F4-6F41172F8E07}.NOTRAKT|iPhoneSimulator.ActiveCfg = Release|Any CPU
		{CE52A38C-BC26-4EE9-B7F4-6F41172F8E07}.NOTRAKT|iPhoneSimulator.Build.0 = Release|Any CPU
		{CE52A38C-BC26-4EE9-B7F4-6F41172F8E07}.NOTRAKT|x64.ActiveCfg = Release|Any CPU
		{CE52A38C-BC26-4EE9-B7F4-6F41172F8E07}.NOTRAKT|x64.Build.0 = Release|Any CPU
		{CE52A38C-BC26-4EE9-B7F4-6F41172F8E07}.NOTRAKT|x86.ActiveCfg = Release|Any CPU
		{CE52A38C-BC26-4EE9-B7F4-6F41172F8E07}.NOTRAKT|x86.Build.0 = Release|Any CPU
		{CE52A38C-BC26-4EE9-B7F4-6F41172F8E07}.Release|Any CPU.ActiveCfg = Release|Any CPU
		{CE52A38C-BC26-4EE9-B7F4-6F41172F8E07}.Release|Any CPU.Build.0 = Release|Any CPU
		{CE52A38C-BC26-4EE9-B7F4-6F41172F8E07}.Release|ARM.ActiveCfg = Release|Any CPU
		{CE52A38C-BC26-4EE9-B7F4-6F41172F8E07}.Release|ARM.Build.0 = Release|Any CPU
		{CE52A38C-BC26-4EE9-B7F4-6F41172F8E07}.Release|iPhone.ActiveCfg = Release|Any CPU
		{CE52A38C-BC26-4EE9-B7F4-6F41172F8E07}.Release|iPhone.Build.0 = Release|Any CPU
		{CE52A38C-BC26-4EE9-B7F4-6F41172F8E07}.Release|iPhoneSimulator.ActiveCfg = Release|Any CPU
		{CE52A38C-BC26-4EE9-B7F4-6F41172F8E07}.Release|iPhoneSimulator.Build.0 = Release|Any CPU
		{CE52A38C-BC26-4EE9-B7F4-6F41172F8E07}.Release|x64.ActiveCfg = Release|Any CPU
		{CE52A38C-BC26-4EE9-B7F4-6F41172F8E07}.Release|x64.Build.0 = Release|Any CPU
		{CE52A38C-BC26-4EE9-B7F4-6F41172F8E07}.Release|x86.ActiveCfg = Release|Any CPU
		{CE52A38C-BC26-4EE9-B7F4-6F41172F8E07}.Release|x86.Build.0 = Release|Any CPU
		{ADA9EF35-247C-4AFC-9CFC-CAC2C1F6FB7D}.Debug|Any CPU.ActiveCfg = Debug|Any CPU
		{ADA9EF35-247C-4AFC-9CFC-CAC2C1F6FB7D}.Debug|Any CPU.Build.0 = Debug|Any CPU
		{ADA9EF35-247C-4AFC-9CFC-CAC2C1F6FB7D}.Debug|ARM.ActiveCfg = Debug|Any CPU
		{ADA9EF35-247C-4AFC-9CFC-CAC2C1F6FB7D}.Debug|ARM.Build.0 = Debug|Any CPU
		{ADA9EF35-247C-4AFC-9CFC-CAC2C1F6FB7D}.Debug|iPhone.ActiveCfg = Debug|Any CPU
		{ADA9EF35-247C-4AFC-9CFC-CAC2C1F6FB7D}.Debug|iPhone.Build.0 = Debug|Any CPU
		{ADA9EF35-247C-4AFC-9CFC-CAC2C1F6FB7D}.Debug|iPhoneSimulator.ActiveCfg = Debug|Any CPU
		{ADA9EF35-247C-4AFC-9CFC-CAC2C1F6FB7D}.Debug|iPhoneSimulator.Build.0 = Debug|Any CPU
		{ADA9EF35-247C-4AFC-9CFC-CAC2C1F6FB7D}.Debug|x64.ActiveCfg = Debug|Any CPU
		{ADA9EF35-247C-4AFC-9CFC-CAC2C1F6FB7D}.Debug|x64.Build.0 = Debug|Any CPU
		{ADA9EF35-247C-4AFC-9CFC-CAC2C1F6FB7D}.Debug|x86.ActiveCfg = Debug|Any CPU
		{ADA9EF35-247C-4AFC-9CFC-CAC2C1F6FB7D}.Debug|x86.Build.0 = Debug|Any CPU
		{ADA9EF35-247C-4AFC-9CFC-CAC2C1F6FB7D}.NOPLEX|Any CPU.ActiveCfg = Release|Any CPU
		{ADA9EF35-247C-4AFC-9CFC-CAC2C1F6FB7D}.NOPLEX|Any CPU.Build.0 = Release|Any CPU
		{ADA9EF35-247C-4AFC-9CFC-CAC2C1F6FB7D}.NOPLEX|ARM.ActiveCfg = Release|Any CPU
		{ADA9EF35-247C-4AFC-9CFC-CAC2C1F6FB7D}.NOPLEX|ARM.Build.0 = Release|Any CPU
		{ADA9EF35-247C-4AFC-9CFC-CAC2C1F6FB7D}.NOPLEX|iPhone.ActiveCfg = Release|Any CPU
		{ADA9EF35-247C-4AFC-9CFC-CAC2C1F6FB7D}.NOPLEX|iPhone.Build.0 = Release|Any CPU
		{ADA9EF35-247C-4AFC-9CFC-CAC2C1F6FB7D}.NOPLEX|iPhoneSimulator.ActiveCfg = Release|Any CPU
		{ADA9EF35-247C-4AFC-9CFC-CAC2C1F6FB7D}.NOPLEX|iPhoneSimulator.Build.0 = Release|Any CPU
		{ADA9EF35-247C-4AFC-9CFC-CAC2C1F6FB7D}.NOPLEX|x64.ActiveCfg = Release|Any CPU
		{ADA9EF35-247C-4AFC-9CFC-CAC2C1F6FB7D}.NOPLEX|x64.Build.0 = Release|Any CPU
		{ADA9EF35-247C-4AFC-9CFC-CAC2C1F6FB7D}.NOPLEX|x86.ActiveCfg = Release|Any CPU
		{ADA9EF35-247C-4AFC-9CFC-CAC2C1F6FB7D}.NOPLEX|x86.Build.0 = Release|Any CPU
		{ADA9EF35-247C-4AFC-9CFC-CAC2C1F6FB7D}.NOTRAKT|Any CPU.ActiveCfg = Release|Any CPU
		{ADA9EF35-247C-4AFC-9CFC-CAC2C1F6FB7D}.NOTRAKT|Any CPU.Build.0 = Release|Any CPU
		{ADA9EF35-247C-4AFC-9CFC-CAC2C1F6FB7D}.NOTRAKT|ARM.ActiveCfg = Release|Any CPU
		{ADA9EF35-247C-4AFC-9CFC-CAC2C1F6FB7D}.NOTRAKT|ARM.Build.0 = Release|Any CPU
		{ADA9EF35-247C-4AFC-9CFC-CAC2C1F6FB7D}.NOTRAKT|iPhone.ActiveCfg = Release|Any CPU
		{ADA9EF35-247C-4AFC-9CFC-CAC2C1F6FB7D}.NOTRAKT|iPhone.Build.0 = Release|Any CPU
		{ADA9EF35-247C-4AFC-9CFC-CAC2C1F6FB7D}.NOTRAKT|iPhoneSimulator.ActiveCfg = Release|Any CPU
		{ADA9EF35-247C-4AFC-9CFC-CAC2C1F6FB7D}.NOTRAKT|iPhoneSimulator.Build.0 = Release|Any CPU
		{ADA9EF35-247C-4AFC-9CFC-CAC2C1F6FB7D}.NOTRAKT|x64.ActiveCfg = Release|Any CPU
		{ADA9EF35-247C-4AFC-9CFC-CAC2C1F6FB7D}.NOTRAKT|x64.Build.0 = Release|Any CPU
		{ADA9EF35-247C-4AFC-9CFC-CAC2C1F6FB7D}.NOTRAKT|x86.ActiveCfg = Release|Any CPU
		{ADA9EF35-247C-4AFC-9CFC-CAC2C1F6FB7D}.NOTRAKT|x86.Build.0 = Release|Any CPU
		{ADA9EF35-247C-4AFC-9CFC-CAC2C1F6FB7D}.Release|Any CPU.ActiveCfg = Release|Any CPU
		{ADA9EF35-247C-4AFC-9CFC-CAC2C1F6FB7D}.Release|Any CPU.Build.0 = Release|Any CPU
		{ADA9EF35-247C-4AFC-9CFC-CAC2C1F6FB7D}.Release|ARM.ActiveCfg = Release|Any CPU
		{ADA9EF35-247C-4AFC-9CFC-CAC2C1F6FB7D}.Release|ARM.Build.0 = Release|Any CPU
		{ADA9EF35-247C-4AFC-9CFC-CAC2C1F6FB7D}.Release|iPhone.ActiveCfg = Release|Any CPU
		{ADA9EF35-247C-4AFC-9CFC-CAC2C1F6FB7D}.Release|iPhone.Build.0 = Release|Any CPU
		{ADA9EF35-247C-4AFC-9CFC-CAC2C1F6FB7D}.Release|iPhoneSimulator.ActiveCfg = Release|Any CPU
		{ADA9EF35-247C-4AFC-9CFC-CAC2C1F6FB7D}.Release|iPhoneSimulator.Build.0 = Release|Any CPU
		{ADA9EF35-247C-4AFC-9CFC-CAC2C1F6FB7D}.Release|x64.ActiveCfg = Release|Any CPU
		{ADA9EF35-247C-4AFC-9CFC-CAC2C1F6FB7D}.Release|x64.Build.0 = Release|Any CPU
		{ADA9EF35-247C-4AFC-9CFC-CAC2C1F6FB7D}.Release|x86.ActiveCfg = Release|Any CPU
		{ADA9EF35-247C-4AFC-9CFC-CAC2C1F6FB7D}.Release|x86.Build.0 = Release|Any CPU
		{8A650872-AA26-4ADC-9797-1CE62ACD423C}.Debug|Any CPU.ActiveCfg = Debug|Any CPU
		{8A650872-AA26-4ADC-9797-1CE62ACD423C}.Debug|Any CPU.Build.0 = Debug|Any CPU
		{8A650872-AA26-4ADC-9797-1CE62ACD423C}.Debug|ARM.ActiveCfg = Debug|Any CPU
		{8A650872-AA26-4ADC-9797-1CE62ACD423C}.Debug|ARM.Build.0 = Debug|Any CPU
		{8A650872-AA26-4ADC-9797-1CE62ACD423C}.Debug|iPhone.ActiveCfg = Debug|Any CPU
		{8A650872-AA26-4ADC-9797-1CE62ACD423C}.Debug|iPhone.Build.0 = Debug|Any CPU
		{8A650872-AA26-4ADC-9797-1CE62ACD423C}.Debug|iPhoneSimulator.ActiveCfg = Debug|Any CPU
		{8A650872-AA26-4ADC-9797-1CE62ACD423C}.Debug|iPhoneSimulator.Build.0 = Debug|Any CPU
		{8A650872-AA26-4ADC-9797-1CE62ACD423C}.Debug|x64.ActiveCfg = Debug|Any CPU
		{8A650872-AA26-4ADC-9797-1CE62ACD423C}.Debug|x64.Build.0 = Debug|Any CPU
		{8A650872-AA26-4ADC-9797-1CE62ACD423C}.Debug|x86.ActiveCfg = Debug|Any CPU
		{8A650872-AA26-4ADC-9797-1CE62ACD423C}.Debug|x86.Build.0 = Debug|Any CPU
		{8A650872-AA26-4ADC-9797-1CE62ACD423C}.NOPLEX|Any CPU.ActiveCfg = Debug|Any CPU
		{8A650872-AA26-4ADC-9797-1CE62ACD423C}.NOPLEX|Any CPU.Build.0 = Debug|Any CPU
		{8A650872-AA26-4ADC-9797-1CE62ACD423C}.NOPLEX|ARM.ActiveCfg = Debug|Any CPU
		{8A650872-AA26-4ADC-9797-1CE62ACD423C}.NOPLEX|ARM.Build.0 = Debug|Any CPU
		{8A650872-AA26-4ADC-9797-1CE62ACD423C}.NOPLEX|iPhone.ActiveCfg = Debug|Any CPU
		{8A650872-AA26-4ADC-9797-1CE62ACD423C}.NOPLEX|iPhone.Build.0 = Debug|Any CPU
		{8A650872-AA26-4ADC-9797-1CE62ACD423C}.NOPLEX|iPhoneSimulator.ActiveCfg = Debug|Any CPU
		{8A650872-AA26-4ADC-9797-1CE62ACD423C}.NOPLEX|iPhoneSimulator.Build.0 = Debug|Any CPU
		{8A650872-AA26-4ADC-9797-1CE62ACD423C}.NOPLEX|x64.ActiveCfg = Debug|Any CPU
		{8A650872-AA26-4ADC-9797-1CE62ACD423C}.NOPLEX|x64.Build.0 = Debug|Any CPU
		{8A650872-AA26-4ADC-9797-1CE62ACD423C}.NOPLEX|x86.ActiveCfg = Debug|Any CPU
		{8A650872-AA26-4ADC-9797-1CE62ACD423C}.NOPLEX|x86.Build.0 = Debug|Any CPU
		{8A650872-AA26-4ADC-9797-1CE62ACD423C}.NOTRAKT|Any CPU.ActiveCfg = Debug|Any CPU
		{8A650872-AA26-4ADC-9797-1CE62ACD423C}.NOTRAKT|Any CPU.Build.0 = Debug|Any CPU
		{8A650872-AA26-4ADC-9797-1CE62ACD423C}.NOTRAKT|ARM.ActiveCfg = Debug|Any CPU
		{8A650872-AA26-4ADC-9797-1CE62ACD423C}.NOTRAKT|ARM.Build.0 = Debug|Any CPU
		{8A650872-AA26-4ADC-9797-1CE62ACD423C}.NOTRAKT|iPhone.ActiveCfg = Debug|Any CPU
		{8A650872-AA26-4ADC-9797-1CE62ACD423C}.NOTRAKT|iPhone.Build.0 = Debug|Any CPU
		{8A650872-AA26-4ADC-9797-1CE62ACD423C}.NOTRAKT|iPhoneSimulator.ActiveCfg = Debug|Any CPU
		{8A650872-AA26-4ADC-9797-1CE62ACD423C}.NOTRAKT|iPhoneSimulator.Build.0 = Debug|Any CPU
		{8A650872-AA26-4ADC-9797-1CE62ACD423C}.NOTRAKT|x64.ActiveCfg = Debug|Any CPU
		{8A650872-AA26-4ADC-9797-1CE62ACD423C}.NOTRAKT|x64.Build.0 = Debug|Any CPU
		{8A650872-AA26-4ADC-9797-1CE62ACD423C}.NOTRAKT|x86.ActiveCfg = Debug|Any CPU
		{8A650872-AA26-4ADC-9797-1CE62ACD423C}.NOTRAKT|x86.Build.0 = Debug|Any CPU
		{8A650872-AA26-4ADC-9797-1CE62ACD423C}.Release|Any CPU.ActiveCfg = Release|Any CPU
		{8A650872-AA26-4ADC-9797-1CE62ACD423C}.Release|Any CPU.Build.0 = Release|Any CPU
		{8A650872-AA26-4ADC-9797-1CE62ACD423C}.Release|ARM.ActiveCfg = Release|Any CPU
		{8A650872-AA26-4ADC-9797-1CE62ACD423C}.Release|ARM.Build.0 = Release|Any CPU
		{8A650872-AA26-4ADC-9797-1CE62ACD423C}.Release|iPhone.ActiveCfg = Release|Any CPU
		{8A650872-AA26-4ADC-9797-1CE62ACD423C}.Release|iPhone.Build.0 = Release|Any CPU
		{8A650872-AA26-4ADC-9797-1CE62ACD423C}.Release|iPhoneSimulator.ActiveCfg = Release|Any CPU
		{8A650872-AA26-4ADC-9797-1CE62ACD423C}.Release|iPhoneSimulator.Build.0 = Release|Any CPU
		{8A650872-AA26-4ADC-9797-1CE62ACD423C}.Release|x64.ActiveCfg = Release|Any CPU
		{8A650872-AA26-4ADC-9797-1CE62ACD423C}.Release|x64.Build.0 = Release|Any CPU
		{8A650872-AA26-4ADC-9797-1CE62ACD423C}.Release|x86.ActiveCfg = Release|Any CPU
		{8A650872-AA26-4ADC-9797-1CE62ACD423C}.Release|x86.Build.0 = Release|Any CPU
	EndGlobalSection
	GlobalSection(SolutionProperties) = preSolution
		HideSolutionNode = FALSE
	EndGlobalSection
	GlobalSection(NestedProjects) = preSolution
		{8A650872-AA26-4ADC-9797-1CE62ACD423C} = {456913C2-945A-4744-BD53-F62A62ADAA38}
	EndGlobalSection
	GlobalSection(ExtensibilityGlobals) = postSolution
		SolutionGuid = {3AE74950-6A3A-4499-951F-ADF45B721972}
	EndGlobalSection
EndGlobal
