Microsoft Visual Studio Solution File, Format Version 12.00
# Visual Studio Version 16
VisualStudioVersion = 16.0.29306.81
MinimumVisualStudioVersion = 10.0.40219.1
Project("{2150E333-8FDC-42A3-9474-1A3956D46DE8}") = "ThirdParty", "ThirdParty", "{456913C2-945A-4744-BD53-F62A62ADAA38}"
EndProject
Project("{FAE04EC0-301F-11D3-BF4B-00C04F79EFBC}") = "J2i.Net.XInputWrapper", "ThirdParty\J2i.Net.XInputWrapper\J2i.Net.XInputWrapper.csproj", "{8A650872-AA26-4ADC-9797-1CE62ACD423C}"
EndProject
Project("{2150E333-8FDC-42A3-9474-1A3956D46DE8}") = "Solution Items", "Solution Items", "{19FE5C94-9A78-4EBF-995E-A6A45DAB3AC2}"
	ProjectSection(SolutionItems) = preProject
		..\.gitignore = ..\.gitignore
		..\Development.yml = ..\Development.yml
		..\README.md = ..\README.md
	EndProjectSection
EndProject
Project("{2150E333-8FDC-42A3-9474-1A3956D46DE8}") = "BabylonTools.NSGSync", "BabylonTools.NSGSync", "{9A23E3EB-BC1B-4BE0-A218-657E4475D76F}"
EndProject
Project("{9A19103F-16F7-4668-BE54-9A1E7A4F7556}") = "BabylonTools.NSGSync", "BabylonTools.NSGSync\BabylonTools.NSGSync\BabylonTools.NSGSync.csproj", "{6A093335-281B-43AC-9B3A-861C4D12A2E4}"
EndProject
Project("{2150E333-8FDC-42A3-9474-1A3956D46DE8}") = "BabylonTools.Sherlock", "BabylonTools.Sherlock", "{11284D5D-4120-4C5A-B185-B57E64A98496}"
EndProject
Project("{9A19103F-16F7-4668-BE54-9A1E7A4F7556}") = "BabylonTools.Sherlock", "BabylonTools.Sherlock\BabylonTools.Sherlock\BabylonTools.Sherlock.csproj", "{F28CBB44-2456-49CF-B302-EBE778595A63}"
EndProject
Project("{2150E333-8FDC-42A3-9474-1A3956D46DE8}") = "BabylonTools.XMap", "BabylonTools.XMap", "{433A1F72-DC03-403F-8358-F4BB37AC0444}"
EndProject
Project("{9A19103F-16F7-4668-BE54-9A1E7A4F7556}") = "BabylonTools.XMap", "BabylonTools.XMap\BabylonTools.XMap\BabylonTools.XMap.csproj", "{778226D9-8EEE-422B-8985-F39D2DCBB8B9}"
EndProject
Project("{2150E333-8FDC-42A3-9474-1A3956D46DE8}") = "Wix", "Wix", "{D83A8F9D-7DE4-4DC6-8454-62D042C08059}"
EndProject
Project("{930C7802-8A8C-48F9-8165-68863BCCD9DD}") = "BabylonTools.Wix.Setup", "Wix\BabylonTools.Wix.Setup\BabylonTools.Wix.Setup.wixproj", "{3AAFEE5C-B9C8-4DB7-8900-36D90C0B00A8}"
EndProject
Global
	GlobalSection(SolutionConfigurationPlatforms) = preSolution
		Debug|Any CPU = Debug|Any CPU
		Debug|ARM = Debug|ARM
		Debug|iPhone = Debug|iPhone
		Debug|iPhoneSimulator = Debug|iPhoneSimulator
		Debug|x64 = Debug|x64
		Debug|x86 = Debug|x86
		NOPLEX|Any CPU = NOPLEX|Any CPU
		NOPLEX|ARM = NOPLEX|ARM
		NOPLEX|iPhone = NOPLEX|iPhone
		NOPLEX|iPhoneSimulator = NOPLEX|iPhoneSimulator
		NOPLEX|x64 = NOPLEX|x64
		NOPLEX|x86 = NOPLEX|x86
		NOTRAKT|Any CPU = NOTRAKT|Any CPU
		NOTRAKT|ARM = NOTRAKT|ARM
		NOTRAKT|iPhone = NOTRAKT|iPhone
		NOTRAKT|iPhoneSimulator = NOTRAKT|iPhoneSimulator
		NOTRAKT|x64 = NOTRAKT|x64
		NOTRAKT|x86 = NOTRAKT|x86
		Release|Any CPU = Release|Any CPU
		Release|ARM = Release|ARM
		Release|iPhone = Release|iPhone
		Release|iPhoneSimulator = Release|iPhoneSimulator
		Release|x64 = Release|x64
		Release|x86 = Release|x86
	EndGlobalSection
	GlobalSection(ProjectConfigurationPlatforms) = postSolution
		{8A650872-AA26-4ADC-9797-1CE62ACD423C}.Debug|Any CPU.ActiveCfg = Debug|Any CPU
		{8A650872-AA26-4ADC-9797-1CE62ACD423C}.Debug|Any CPU.Build.0 = Debug|Any CPU
		{8A650872-AA26-4ADC-9797-1CE62ACD423C}.Debug|ARM.ActiveCfg = Debug|Any CPU
		{8A650872-AA26-4ADC-9797-1CE62ACD423C}.Debug|ARM.Build.0 = Debug|Any CPU
		{8A650872-AA26-4ADC-9797-1CE62ACD423C}.Debug|iPhone.ActiveCfg = Debug|Any CPU
		{8A650872-AA26-4ADC-9797-1CE62ACD423C}.Debug|iPhone.Build.0 = Debug|Any CPU
		{8A650872-AA26-4ADC-9797-1CE62ACD423C}.Debug|iPhoneSimulator.ActiveCfg = Debug|Any CPU
		{8A650872-AA26-4ADC-9797-1CE62ACD423C}.Debug|iPhoneSimulator.Build.0 = Debug|Any CPU
		{8A650872-AA26-4ADC-9797-1CE62ACD423C}.Debug|x64.ActiveCfg = Debug|Any CPU
		{8A650872-AA26-4ADC-9797-1CE62ACD423C}.Debug|x64.Build.0 = Debug|Any CPU
		{8A650872-AA26-4ADC-9797-1CE62ACD423C}.Debug|x86.ActiveCfg = Debug|Any CPU
		{8A650872-AA26-4ADC-9797-1CE62ACD423C}.Debug|x86.Build.0 = Debug|Any CPU
		{8A650872-AA26-4ADC-9797-1CE62ACD423C}.NOPLEX|Any CPU.ActiveCfg = Debug|Any CPU
		{8A650872-AA26-4ADC-9797-1CE62ACD423C}.NOPLEX|Any CPU.Build.0 = Debug|Any CPU
		{8A650872-AA26-4ADC-9797-1CE62ACD423C}.NOPLEX|ARM.ActiveCfg = Debug|Any CPU
		{8A650872-AA26-4ADC-9797-1CE62ACD423C}.NOPLEX|ARM.Build.0 = Debug|Any CPU
		{8A650872-AA26-4ADC-9797-1CE62ACD423C}.NOPLEX|iPhone.ActiveCfg = Debug|Any CPU
		{8A650872-AA26-4ADC-9797-1CE62ACD423C}.NOPLEX|iPhone.Build.0 = Debug|Any CPU
		{8A650872-AA26-4ADC-9797-1CE62ACD423C}.NOPLEX|iPhoneSimulator.ActiveCfg = Debug|Any CPU
		{8A650872-AA26-4ADC-9797-1CE62ACD423C}.NOPLEX|iPhoneSimulator.Build.0 = Debug|Any CPU
		{8A650872-AA26-4ADC-9797-1CE62ACD423C}.NOPLEX|x64.ActiveCfg = Debug|Any CPU
		{8A650872-AA26-4ADC-9797-1CE62ACD423C}.NOPLEX|x64.Build.0 = Debug|Any CPU
		{8A650872-AA26-4ADC-9797-1CE62ACD423C}.NOPLEX|x86.ActiveCfg = Debug|Any CPU
		{8A650872-AA26-4ADC-9797-1CE62ACD423C}.NOPLEX|x86.Build.0 = Debug|Any CPU
		{8A650872-AA26-4ADC-9797-1CE62ACD423C}.NOTRAKT|Any CPU.ActiveCfg = Debug|Any CPU
		{8A650872-AA26-4ADC-9797-1CE62ACD423C}.NOTRAKT|Any CPU.Build.0 = Debug|Any CPU
		{8A650872-AA26-4ADC-9797-1CE62ACD423C}.NOTRAKT|ARM.ActiveCfg = Debug|Any CPU
		{8A650872-AA26-4ADC-9797-1CE62ACD423C}.NOTRAKT|ARM.Build.0 = Debug|Any CPU
		{8A650872-AA26-4ADC-9797-1CE62ACD423C}.NOTRAKT|iPhone.ActiveCfg = Debug|Any CPU
		{8A650872-AA26-4ADC-9797-1CE62ACD423C}.NOTRAKT|iPhone.Build.0 = Debug|Any CPU
		{8A650872-AA26-4ADC-9797-1CE62ACD423C}.NOTRAKT|iPhoneSimulator.ActiveCfg = Debug|Any CPU
		{8A650872-AA26-4ADC-9797-1CE62ACD423C}.NOTRAKT|iPhoneSimulator.Build.0 = Debug|Any CPU
		{8A650872-AA26-4ADC-9797-1CE62ACD423C}.NOTRAKT|x64.ActiveCfg = Debug|Any CPU
		{8A650872-AA26-4ADC-9797-1CE62ACD423C}.NOTRAKT|x64.Build.0 = Debug|Any CPU
		{8A650872-AA26-4ADC-9797-1CE62ACD423C}.NOTRAKT|x86.ActiveCfg = Debug|Any CPU
		{8A650872-AA26-4ADC-9797-1CE62ACD423C}.NOTRAKT|x86.Build.0 = Debug|Any CPU
		{8A650872-AA26-4ADC-9797-1CE62ACD423C}.Release|Any CPU.ActiveCfg = Release|Any CPU
		{8A650872-AA26-4ADC-9797-1CE62ACD423C}.Release|Any CPU.Build.0 = Release|Any CPU
		{8A650872-AA26-4ADC-9797-1CE62ACD423C}.Release|ARM.ActiveCfg = Release|Any CPU
		{8A650872-AA26-4ADC-9797-1CE62ACD423C}.Release|ARM.Build.0 = Release|Any CPU
		{8A650872-AA26-4ADC-9797-1CE62ACD423C}.Release|iPhone.ActiveCfg = Release|Any CPU
		{8A650872-AA26-4ADC-9797-1CE62ACD423C}.Release|iPhone.Build.0 = Release|Any CPU
		{8A650872-AA26-4ADC-9797-1CE62ACD423C}.Release|iPhoneSimulator.ActiveCfg = Release|Any CPU
		{8A650872-AA26-4ADC-9797-1CE62ACD423C}.Release|iPhoneSimulator.Build.0 = Release|Any CPU
		{8A650872-AA26-4ADC-9797-1CE62ACD423C}.Release|x64.ActiveCfg = Release|Any CPU
		{8A650872-AA26-4ADC-9797-1CE62ACD423C}.Release|x64.Build.0 = Release|Any CPU
		{8A650872-AA26-4ADC-9797-1CE62ACD423C}.Release|x86.ActiveCfg = Release|Any CPU
		{8A650872-AA26-4ADC-9797-1CE62ACD423C}.Release|x86.Build.0 = Release|Any CPU
		{6A093335-281B-43AC-9B3A-861C4D12A2E4}.Debug|Any CPU.ActiveCfg = Debug|Any CPU
		{6A093335-281B-43AC-9B3A-861C4D12A2E4}.Debug|Any CPU.Build.0 = Debug|Any CPU
		{6A093335-281B-43AC-9B3A-861C4D12A2E4}.Debug|ARM.ActiveCfg = Debug|Any CPU
		{6A093335-281B-43AC-9B3A-861C4D12A2E4}.Debug|ARM.Build.0 = Debug|Any CPU
		{6A093335-281B-43AC-9B3A-861C4D12A2E4}.Debug|iPhone.ActiveCfg = Debug|Any CPU
		{6A093335-281B-43AC-9B3A-861C4D12A2E4}.Debug|iPhone.Build.0 = Debug|Any CPU
		{6A093335-281B-43AC-9B3A-861C4D12A2E4}.Debug|iPhoneSimulator.ActiveCfg = Debug|Any CPU
		{6A093335-281B-43AC-9B3A-861C4D12A2E4}.Debug|iPhoneSimulator.Build.0 = Debug|Any CPU
		{6A093335-281B-43AC-9B3A-861C4D12A2E4}.Debug|x64.ActiveCfg = Debug|Any CPU
		{6A093335-281B-43AC-9B3A-861C4D12A2E4}.Debug|x64.Build.0 = Debug|Any CPU
		{6A093335-281B-43AC-9B3A-861C4D12A2E4}.Debug|x86.ActiveCfg = Debug|Any CPU
		{6A093335-281B-43AC-9B3A-861C4D12A2E4}.Debug|x86.Build.0 = Debug|Any CPU
		{6A093335-281B-43AC-9B3A-861C4D12A2E4}.NOPLEX|Any CPU.ActiveCfg = Release|Any CPU
		{6A093335-281B-43AC-9B3A-861C4D12A2E4}.NOPLEX|Any CPU.Build.0 = Release|Any CPU
		{6A093335-281B-43AC-9B3A-861C4D12A2E4}.NOPLEX|ARM.ActiveCfg = Release|Any CPU
		{6A093335-281B-43AC-9B3A-861C4D12A2E4}.NOPLEX|ARM.Build.0 = Release|Any CPU
		{6A093335-281B-43AC-9B3A-861C4D12A2E4}.NOPLEX|iPhone.ActiveCfg = Release|Any CPU
		{6A093335-281B-43AC-9B3A-861C4D12A2E4}.NOPLEX|iPhone.Build.0 = Release|Any CPU
		{6A093335-281B-43AC-9B3A-861C4D12A2E4}.NOPLEX|iPhoneSimulator.ActiveCfg = Release|Any CPU
		{6A093335-281B-43AC-9B3A-861C4D12A2E4}.NOPLEX|iPhoneSimulator.Build.0 = Release|Any CPU
		{6A093335-281B-43AC-9B3A-861C4D12A2E4}.NOPLEX|x64.ActiveCfg = Release|Any CPU
		{6A093335-281B-43AC-9B3A-861C4D12A2E4}.NOPLEX|x64.Build.0 = Release|Any CPU
		{6A093335-281B-43AC-9B3A-861C4D12A2E4}.NOPLEX|x86.ActiveCfg = Release|Any CPU
		{6A093335-281B-43AC-9B3A-861C4D12A2E4}.NOPLEX|x86.Build.0 = Release|Any CPU
		{6A093335-281B-43AC-9B3A-861C4D12A2E4}.NOTRAKT|Any CPU.ActiveCfg = Release|Any CPU
		{6A093335-281B-43AC-9B3A-861C4D12A2E4}.NOTRAKT|Any CPU.Build.0 = Release|Any CPU
		{6A093335-281B-43AC-9B3A-861C4D12A2E4}.NOTRAKT|ARM.ActiveCfg = Release|Any CPU
		{6A093335-281B-43AC-9B3A-861C4D12A2E4}.NOTRAKT|ARM.Build.0 = Release|Any CPU
		{6A093335-281B-43AC-9B3A-861C4D12A2E4}.NOTRAKT|iPhone.ActiveCfg = Release|Any CPU
		{6A093335-281B-43AC-9B3A-861C4D12A2E4}.NOTRAKT|iPhone.Build.0 = Release|Any CPU
		{6A093335-281B-43AC-9B3A-861C4D12A2E4}.NOTRAKT|iPhoneSimulator.ActiveCfg = Release|Any CPU
		{6A093335-281B-43AC-9B3A-861C4D12A2E4}.NOTRAKT|iPhoneSimulator.Build.0 = Release|Any CPU
		{6A093335-281B-43AC-9B3A-861C4D12A2E4}.NOTRAKT|x64.ActiveCfg = Release|Any CPU
		{6A093335-281B-43AC-9B3A-861C4D12A2E4}.NOTRAKT|x64.Build.0 = Release|Any CPU
		{6A093335-281B-43AC-9B3A-861C4D12A2E4}.NOTRAKT|x86.ActiveCfg = Release|Any CPU
		{6A093335-281B-43AC-9B3A-861C4D12A2E4}.NOTRAKT|x86.Build.0 = Release|Any CPU
		{6A093335-281B-43AC-9B3A-861C4D12A2E4}.Release|Any CPU.ActiveCfg = Release|Any CPU
		{6A093335-281B-43AC-9B3A-861C4D12A2E4}.Release|Any CPU.Build.0 = Release|Any CPU
		{6A093335-281B-43AC-9B3A-861C4D12A2E4}.Release|ARM.ActiveCfg = Release|Any CPU
		{6A093335-281B-43AC-9B3A-861C4D12A2E4}.Release|ARM.Build.0 = Release|Any CPU
		{6A093335-281B-43AC-9B3A-861C4D12A2E4}.Release|iPhone.ActiveCfg = Release|Any CPU
		{6A093335-281B-43AC-9B3A-861C4D12A2E4}.Release|iPhone.Build.0 = Release|Any CPU
		{6A093335-281B-43AC-9B3A-861C4D12A2E4}.Release|iPhoneSimulator.ActiveCfg = Release|Any CPU
		{6A093335-281B-43AC-9B3A-861C4D12A2E4}.Release|iPhoneSimulator.Build.0 = Release|Any CPU
		{6A093335-281B-43AC-9B3A-861C4D12A2E4}.Release|x64.ActiveCfg = Release|Any CPU
		{6A093335-281B-43AC-9B3A-861C4D12A2E4}.Release|x64.Build.0 = Release|Any CPU
		{6A093335-281B-43AC-9B3A-861C4D12A2E4}.Release|x86.ActiveCfg = Release|Any CPU
		{6A093335-281B-43AC-9B3A-861C4D12A2E4}.Release|x86.Build.0 = Release|Any CPU
		{F28CBB44-2456-49CF-B302-EBE778595A63}.Debug|Any CPU.ActiveCfg = Debug|Any CPU
		{F28CBB44-2456-49CF-B302-EBE778595A63}.Debug|Any CPU.Build.0 = Debug|Any CPU
		{F28CBB44-2456-49CF-B302-EBE778595A63}.Debug|ARM.ActiveCfg = Debug|Any CPU
		{F28CBB44-2456-49CF-B302-EBE778595A63}.Debug|ARM.Build.0 = Debug|Any CPU
		{F28CBB44-2456-49CF-B302-EBE778595A63}.Debug|iPhone.ActiveCfg = Debug|Any CPU
		{F28CBB44-2456-49CF-B302-EBE778595A63}.Debug|iPhone.Build.0 = Debug|Any CPU
		{F28CBB44-2456-49CF-B302-EBE778595A63}.Debug|iPhoneSimulator.ActiveCfg = Debug|Any CPU
		{F28CBB44-2456-49CF-B302-EBE778595A63}.Debug|iPhoneSimulator.Build.0 = Debug|Any CPU
		{F28CBB44-2456-49CF-B302-EBE778595A63}.Debug|x64.ActiveCfg = Debug|Any CPU
		{F28CBB44-2456-49CF-B302-EBE778595A63}.Debug|x64.Build.0 = Debug|Any CPU
		{F28CBB44-2456-49CF-B302-EBE778595A63}.Debug|x86.ActiveCfg = Debug|Any CPU
		{F28CBB44-2456-49CF-B302-EBE778595A63}.Debug|x86.Build.0 = Debug|Any CPU
		{F28CBB44-2456-49CF-B302-EBE778595A63}.NOPLEX|Any CPU.ActiveCfg = Release|Any CPU
		{F28CBB44-2456-49CF-B302-EBE778595A63}.NOPLEX|Any CPU.Build.0 = Release|Any CPU
		{F28CBB44-2456-49CF-B302-EBE778595A63}.NOPLEX|ARM.ActiveCfg = Release|Any CPU
		{F28CBB44-2456-49CF-B302-EBE778595A63}.NOPLEX|ARM.Build.0 = Release|Any CPU
		{F28CBB44-2456-49CF-B302-EBE778595A63}.NOPLEX|iPhone.ActiveCfg = Release|Any CPU
		{F28CBB44-2456-49CF-B302-EBE778595A63}.NOPLEX|iPhone.Build.0 = Release|Any CPU
		{F28CBB44-2456-49CF-B302-EBE778595A63}.NOPLEX|iPhoneSimulator.ActiveCfg = Release|Any CPU
		{F28CBB44-2456-49CF-B302-EBE778595A63}.NOPLEX|iPhoneSimulator.Build.0 = Release|Any CPU
		{F28CBB44-2456-49CF-B302-EBE778595A63}.NOPLEX|x64.ActiveCfg = Release|Any CPU
		{F28CBB44-2456-49CF-B302-EBE778595A63}.NOPLEX|x64.Build.0 = Release|Any CPU
		{F28CBB44-2456-49CF-B302-EBE778595A63}.NOPLEX|x86.ActiveCfg = Release|Any CPU
		{F28CBB44-2456-49CF-B302-EBE778595A63}.NOPLEX|x86.Build.0 = Release|Any CPU
		{F28CBB44-2456-49CF-B302-EBE778595A63}.NOTRAKT|Any CPU.ActiveCfg = Release|Any CPU
		{F28CBB44-2456-49CF-B302-EBE778595A63}.NOTRAKT|Any CPU.Build.0 = Release|Any CPU
		{F28CBB44-2456-49CF-B302-EBE778595A63}.NOTRAKT|ARM.ActiveCfg = Release|Any CPU
		{F28CBB44-2456-49CF-B302-EBE778595A63}.NOTRAKT|ARM.Build.0 = Release|Any CPU
		{F28CBB44-2456-49CF-B302-EBE778595A63}.NOTRAKT|iPhone.ActiveCfg = Release|Any CPU
		{F28CBB44-2456-49CF-B302-EBE778595A63}.NOTRAKT|iPhone.Build.0 = Release|Any CPU
		{F28CBB44-2456-49CF-B302-EBE778595A63}.NOTRAKT|iPhoneSimulator.ActiveCfg = Release|Any CPU
		{F28CBB44-2456-49CF-B302-EBE778595A63}.NOTRAKT|iPhoneSimulator.Build.0 = Release|Any CPU
		{F28CBB44-2456-49CF-B302-EBE778595A63}.NOTRAKT|x64.ActiveCfg = Release|Any CPU
		{F28CBB44-2456-49CF-B302-EBE778595A63}.NOTRAKT|x64.Build.0 = Release|Any CPU
		{F28CBB44-2456-49CF-B302-EBE778595A63}.NOTRAKT|x86.ActiveCfg = Release|Any CPU
		{F28CBB44-2456-49CF-B302-EBE778595A63}.NOTRAKT|x86.Build.0 = Release|Any CPU
		{F28CBB44-2456-49CF-B302-EBE778595A63}.Release|Any CPU.ActiveCfg = Release|Any CPU
		{F28CBB44-2456-49CF-B302-EBE778595A63}.Release|Any CPU.Build.0 = Release|Any CPU
		{F28CBB44-2456-49CF-B302-EBE778595A63}.Release|ARM.ActiveCfg = Release|Any CPU
		{F28CBB44-2456-49CF-B302-EBE778595A63}.Release|ARM.Build.0 = Release|Any CPU
		{F28CBB44-2456-49CF-B302-EBE778595A63}.Release|iPhone.ActiveCfg = Release|Any CPU
		{F28CBB44-2456-49CF-B302-EBE778595A63}.Release|iPhone.Build.0 = Release|Any CPU
		{F28CBB44-2456-49CF-B302-EBE778595A63}.Release|iPhoneSimulator.ActiveCfg = Release|Any CPU
		{F28CBB44-2456-49CF-B302-EBE778595A63}.Release|iPhoneSimulator.Build.0 = Release|Any CPU
		{F28CBB44-2456-49CF-B302-EBE778595A63}.Release|x64.ActiveCfg = Release|Any CPU
		{F28CBB44-2456-49CF-B302-EBE778595A63}.Release|x64.Build.0 = Release|Any CPU
		{F28CBB44-2456-49CF-B302-EBE778595A63}.Release|x86.ActiveCfg = Release|Any CPU
		{F28CBB44-2456-49CF-B302-EBE778595A63}.Release|x86.Build.0 = Release|Any CPU
		{778226D9-8EEE-422B-8985-F39D2DCBB8B9}.Debug|Any CPU.ActiveCfg = Debug|Any CPU
		{778226D9-8EEE-422B-8985-F39D2DCBB8B9}.Debug|Any CPU.Build.0 = Debug|Any CPU
		{778226D9-8EEE-422B-8985-F39D2DCBB8B9}.Debug|ARM.ActiveCfg = Debug|Any CPU
		{778226D9-8EEE-422B-8985-F39D2DCBB8B9}.Debug|ARM.Build.0 = Debug|Any CPU
		{778226D9-8EEE-422B-8985-F39D2DCBB8B9}.Debug|iPhone.ActiveCfg = Debug|Any CPU
		{778226D9-8EEE-422B-8985-F39D2DCBB8B9}.Debug|iPhone.Build.0 = Debug|Any CPU
		{778226D9-8EEE-422B-8985-F39D2DCBB8B9}.Debug|iPhoneSimulator.ActiveCfg = Debug|Any CPU
		{778226D9-8EEE-422B-8985-F39D2DCBB8B9}.Debug|iPhoneSimulator.Build.0 = Debug|Any CPU
		{778226D9-8EEE-422B-8985-F39D2DCBB8B9}.Debug|x64.ActiveCfg = Debug|Any CPU
		{778226D9-8EEE-422B-8985-F39D2DCBB8B9}.Debug|x64.Build.0 = Debug|Any CPU
		{778226D9-8EEE-422B-8985-F39D2DCBB8B9}.Debug|x86.ActiveCfg = Debug|Any CPU
		{778226D9-8EEE-422B-8985-F39D2DCBB8B9}.Debug|x86.Build.0 = Debug|Any CPU
		{778226D9-8EEE-422B-8985-F39D2DCBB8B9}.NOPLEX|Any CPU.ActiveCfg = Release|Any CPU
		{778226D9-8EEE-422B-8985-F39D2DCBB8B9}.NOPLEX|Any CPU.Build.0 = Release|Any CPU
		{778226D9-8EEE-422B-8985-F39D2DCBB8B9}.NOPLEX|ARM.ActiveCfg = Release|Any CPU
		{778226D9-8EEE-422B-8985-F39D2DCBB8B9}.NOPLEX|ARM.Build.0 = Release|Any CPU
		{778226D9-8EEE-422B-8985-F39D2DCBB8B9}.NOPLEX|iPhone.ActiveCfg = Release|Any CPU
		{778226D9-8EEE-422B-8985-F39D2DCBB8B9}.NOPLEX|iPhone.Build.0 = Release|Any CPU
		{778226D9-8EEE-422B-8985-F39D2DCBB8B9}.NOPLEX|iPhoneSimulator.ActiveCfg = Release|Any CPU
		{778226D9-8EEE-422B-8985-F39D2DCBB8B9}.NOPLEX|iPhoneSimulator.Build.0 = Release|Any CPU
		{778226D9-8EEE-422B-8985-F39D2DCBB8B9}.NOPLEX|x64.ActiveCfg = Release|Any CPU
		{778226D9-8EEE-422B-8985-F39D2DCBB8B9}.NOPLEX|x64.Build.0 = Release|Any CPU
		{778226D9-8EEE-422B-8985-F39D2DCBB8B9}.NOPLEX|x86.ActiveCfg = Release|Any CPU
		{778226D9-8EEE-422B-8985-F39D2DCBB8B9}.NOPLEX|x86.Build.0 = Release|Any CPU
		{778226D9-8EEE-422B-8985-F39D2DCBB8B9}.NOTRAKT|Any CPU.ActiveCfg = Release|Any CPU
		{778226D9-8EEE-422B-8985-F39D2DCBB8B9}.NOTRAKT|Any CPU.Build.0 = Release|Any CPU
		{778226D9-8EEE-422B-8985-F39D2DCBB8B9}.NOTRAKT|ARM.ActiveCfg = Release|Any CPU
		{778226D9-8EEE-422B-8985-F39D2DCBB8B9}.NOTRAKT|ARM.Build.0 = Release|Any CPU
		{778226D9-8EEE-422B-8985-F39D2DCBB8B9}.NOTRAKT|iPhone.ActiveCfg = Release|Any CPU
		{778226D9-8EEE-422B-8985-F39D2DCBB8B9}.NOTRAKT|iPhone.Build.0 = Release|Any CPU
		{778226D9-8EEE-422B-8985-F39D2DCBB8B9}.NOTRAKT|iPhoneSimulator.ActiveCfg = Release|Any CPU
		{778226D9-8EEE-422B-8985-F39D2DCBB8B9}.NOTRAKT|iPhoneSimulator.Build.0 = Release|Any CPU
		{778226D9-8EEE-422B-8985-F39D2DCBB8B9}.NOTRAKT|x64.ActiveCfg = Release|Any CPU
		{778226D9-8EEE-422B-8985-F39D2DCBB8B9}.NOTRAKT|x64.Build.0 = Release|Any CPU
		{778226D9-8EEE-422B-8985-F39D2DCBB8B9}.NOTRAKT|x86.ActiveCfg = Release|Any CPU
		{778226D9-8EEE-422B-8985-F39D2DCBB8B9}.NOTRAKT|x86.Build.0 = Release|Any CPU
		{778226D9-8EEE-422B-8985-F39D2DCBB8B9}.Release|Any CPU.ActiveCfg = Release|Any CPU
		{778226D9-8EEE-422B-8985-F39D2DCBB8B9}.Release|Any CPU.Build.0 = Release|Any CPU
		{778226D9-8EEE-422B-8985-F39D2DCBB8B9}.Release|ARM.ActiveCfg = Release|Any CPU
		{778226D9-8EEE-422B-8985-F39D2DCBB8B9}.Release|ARM.Build.0 = Release|Any CPU
		{778226D9-8EEE-422B-8985-F39D2DCBB8B9}.Release|iPhone.ActiveCfg = Release|Any CPU
		{778226D9-8EEE-422B-8985-F39D2DCBB8B9}.Release|iPhone.Build.0 = Release|Any CPU
		{778226D9-8EEE-422B-8985-F39D2DCBB8B9}.Release|iPhoneSimulator.ActiveCfg = Release|Any CPU
		{778226D9-8EEE-422B-8985-F39D2DCBB8B9}.Release|iPhoneSimulator.Build.0 = Release|Any CPU
		{778226D9-8EEE-422B-8985-F39D2DCBB8B9}.Release|x64.ActiveCfg = Release|Any CPU
		{778226D9-8EEE-422B-8985-F39D2DCBB8B9}.Release|x64.Build.0 = Release|Any CPU
		{778226D9-8EEE-422B-8985-F39D2DCBB8B9}.Release|x86.ActiveCfg = Release|Any CPU
		{778226D9-8EEE-422B-8985-F39D2DCBB8B9}.Release|x86.Build.0 = Release|Any CPU
		{3AAFEE5C-B9C8-4DB7-8900-36D90C0B00A8}.Debug|Any CPU.ActiveCfg = Debug|x86
		{3AAFEE5C-B9C8-4DB7-8900-36D90C0B00A8}.Debug|ARM.ActiveCfg = Debug|x86
		{3AAFEE5C-B9C8-4DB7-8900-36D90C0B00A8}.Debug|iPhone.ActiveCfg = Debug|x86
		{3AAFEE5C-B9C8-4DB7-8900-36D90C0B00A8}.Debug|iPhoneSimulator.ActiveCfg = Debug|x86
		{3AAFEE5C-B9C8-4DB7-8900-36D90C0B00A8}.Debug|x64.ActiveCfg = Debug|x86
		{3AAFEE5C-B9C8-4DB7-8900-36D90C0B00A8}.Debug|x86.ActiveCfg = Debug|x86
		{3AAFEE5C-B9C8-4DB7-8900-36D90C0B00A8}.Debug|x86.Build.0 = Debug|x86
		{3AAFEE5C-B9C8-4DB7-8900-36D90C0B00A8}.NOPLEX|Any CPU.ActiveCfg = Debug|x86
		{3AAFEE5C-B9C8-4DB7-8900-36D90C0B00A8}.NOPLEX|Any CPU.Build.0 = Debug|x86
		{3AAFEE5C-B9C8-4DB7-8900-36D90C0B00A8}.NOPLEX|ARM.ActiveCfg = Debug|x86
		{3AAFEE5C-B9C8-4DB7-8900-36D90C0B00A8}.NOPLEX|ARM.Build.0 = Debug|x86
		{3AAFEE5C-B9C8-4DB7-8900-36D90C0B00A8}.NOPLEX|iPhone.ActiveCfg = Debug|x86
		{3AAFEE5C-B9C8-4DB7-8900-36D90C0B00A8}.NOPLEX|iPhone.Build.0 = Debug|x86
		{3AAFEE5C-B9C8-4DB7-8900-36D90C0B00A8}.NOPLEX|iPhoneSimulator.ActiveCfg = Debug|x86
		{3AAFEE5C-B9C8-4DB7-8900-36D90C0B00A8}.NOPLEX|iPhoneSimulator.Build.0 = Debug|x86
		{3AAFEE5C-B9C8-4DB7-8900-36D90C0B00A8}.NOPLEX|x64.ActiveCfg = Debug|x86
		{3AAFEE5C-B9C8-4DB7-8900-36D90C0B00A8}.NOPLEX|x64.Build.0 = Debug|x86
		{3AAFEE5C-B9C8-4DB7-8900-36D90C0B00A8}.NOPLEX|x86.ActiveCfg = Debug|x86
		{3AAFEE5C-B9C8-4DB7-8900-36D90C0B00A8}.NOPLEX|x86.Build.0 = Debug|x86
		{3AAFEE5C-B9C8-4DB7-8900-36D90C0B00A8}.NOTRAKT|Any CPU.ActiveCfg = Debug|x86
		{3AAFEE5C-B9C8-4DB7-8900-36D90C0B00A8}.NOTRAKT|Any CPU.Build.0 = Debug|x86
		{3AAFEE5C-B9C8-4DB7-8900-36D90C0B00A8}.NOTRAKT|ARM.ActiveCfg = Debug|x86
		{3AAFEE5C-B9C8-4DB7-8900-36D90C0B00A8}.NOTRAKT|ARM.Build.0 = Debug|x86
		{3AAFEE5C-B9C8-4DB7-8900-36D90C0B00A8}.NOTRAKT|iPhone.ActiveCfg = Debug|x86
		{3AAFEE5C-B9C8-4DB7-8900-36D90C0B00A8}.NOTRAKT|iPhone.Build.0 = Debug|x86
		{3AAFEE5C-B9C8-4DB7-8900-36D90C0B00A8}.NOTRAKT|iPhoneSimulator.ActiveCfg = Debug|x86
		{3AAFEE5C-B9C8-4DB7-8900-36D90C0B00A8}.NOTRAKT|iPhoneSimulator.Build.0 = Debug|x86
		{3AAFEE5C-B9C8-4DB7-8900-36D90C0B00A8}.NOTRAKT|x64.ActiveCfg = Debug|x86
		{3AAFEE5C-B9C8-4DB7-8900-36D90C0B00A8}.NOTRAKT|x64.Build.0 = Debug|x86
		{3AAFEE5C-B9C8-4DB7-8900-36D90C0B00A8}.NOTRAKT|x86.ActiveCfg = Debug|x86
		{3AAFEE5C-B9C8-4DB7-8900-36D90C0B00A8}.NOTRAKT|x86.Build.0 = Debug|x86
		{3AAFEE5C-B9C8-4DB7-8900-36D90C0B00A8}.Release|Any CPU.ActiveCfg = Release|x86
		{3AAFEE5C-B9C8-4DB7-8900-36D90C0B00A8}.Release|ARM.ActiveCfg = Release|x86
		{3AAFEE5C-B9C8-4DB7-8900-36D90C0B00A8}.Release|iPhone.ActiveCfg = Release|x86
		{3AAFEE5C-B9C8-4DB7-8900-36D90C0B00A8}.Release|iPhoneSimulator.ActiveCfg = Release|x86
		{3AAFEE5C-B9C8-4DB7-8900-36D90C0B00A8}.Release|x64.ActiveCfg = Release|x86
		{3AAFEE5C-B9C8-4DB7-8900-36D90C0B00A8}.Release|x86.ActiveCfg = Release|x86
		{3AAFEE5C-B9C8-4DB7-8900-36D90C0B00A8}.Release|x86.Build.0 = Release|x86
	EndGlobalSection
	GlobalSection(SolutionProperties) = preSolution
		HideSolutionNode = FALSE
	EndGlobalSection
	GlobalSection(NestedProjects) = preSolution
		{8A650872-AA26-4ADC-9797-1CE62ACD423C} = {456913C2-945A-4744-BD53-F62A62ADAA38}
		{6A093335-281B-43AC-9B3A-861C4D12A2E4} = {9A23E3EB-BC1B-4BE0-A218-657E4475D76F}
		{F28CBB44-2456-49CF-B302-EBE778595A63} = {11284D5D-4120-4C5A-B185-B57E64A98496}
		{778226D9-8EEE-422B-8985-F39D2DCBB8B9} = {433A1F72-DC03-403F-8358-F4BB37AC0444}
		{3AAFEE5C-B9C8-4DB7-8900-36D90C0B00A8} = {D83A8F9D-7DE4-4DC6-8454-62D042C08059}
	EndGlobalSection
	GlobalSection(ExtensibilityGlobals) = postSolution
		SolutionGuid = {3AE74950-6A3A-4499-951F-ADF45B721972}
	EndGlobalSection
EndGlobal
